
Microsoft Visual Studio Solution File, Format Version 12.00
# Visual Studio Version 17
VisualStudioVersion = 17.2.32616.157
MinimumVisualStudioVersion = 10.0.40219.1
Project("{9A19103F-16F7-4668-BE54-9A1E7A4F7556}") = "RealEstateMVC", "RealEstateMVC.csproj", "{979B6FB5-B7BA-4766-9447-5E217BFA15E8}"
EndProject
Global
	GlobalSection(SolutionConfigurationPlatforms) = preSolution
		Debug|Any CPU = Debug|Any CPU
		Release|Any CPU = Release|Any CPU
	EndGlobalSection
	GlobalSection(ProjectConfigurationPlatforms) = postSolution
		{979B6FB5-B7BA-4766-9447-5E217BFA15E8}.Debug|Any CPU.ActiveCfg = Debug|Any CPU
		{979B6FB5-B7BA-4766-9447-5E217BFA15E8}.Debug|Any CPU.Build.0 = Debug|Any CPU
		{979B6FB5-B7BA-4766-9447-5E217BFA15E8}.Release|Any CPU.ActiveCfg = Release|Any CPU
		{979B6FB5-B7BA-4766-9447-5E217BFA15E8}.Release|Any CPU.Build.0 = Release|Any CPU
	EndGlobalSection
	GlobalSection(SolutionProperties) = preSolution
		HideSolutionNode = FALSE
	EndGlobalSection
	GlobalSection(ExtensibilityGlobals) = postSolution
		SolutionGuid = {5091454D-7905-46A8-B660-276D128FA557}
	EndGlobalSection
EndGlobal
